
Microsoft Visual Studio Solution File, Format Version 12.00
# Visual Studio Version 16
VisualStudioVersion = 16.0.30011.22
MinimumVisualStudioVersion = 15.0.26124.0
Project("{9A19103F-16F7-4668-BE54-9A1E7A4F7556}") = "CsLinq", "CsLinq\CsLinq.csproj", "{D87D3704-BE73-4590-9DEA-8D438E32C177}"
EndProject
Project("{FAE04EC0-301F-11D3-BF4B-00C04F79EFBC}") = "CsDlr", "CsDlr\CsDlr.csproj", "{A83AA9B6-7588-457B-ABC6-DEF293FF98A1}"
EndProject
Global
	GlobalSection(SolutionConfigurationPlatforms) = preSolution
		Debug|Any CPU = Debug|Any CPU
		Debug|x64 = Debug|x64
		Debug|x86 = Debug|x86
		Release|Any CPU = Release|Any CPU
		Release|x64 = Release|x64
		Release|x86 = Release|x86
	EndGlobalSection
	GlobalSection(ProjectConfigurationPlatforms) = postSolution
		{D87D3704-BE73-4590-9DEA-8D438E32C177}.Debug|Any CPU.ActiveCfg = Debug|Any CPU
		{D87D3704-BE73-4590-9DEA-8D438E32C177}.Debug|Any CPU.Build.0 = Debug|Any CPU
		{D87D3704-BE73-4590-9DEA-8D438E32C177}.Debug|x64.ActiveCfg = Debug|Any CPU
		{D87D3704-BE73-4590-9DEA-8D438E32C177}.Debug|x64.Build.0 = Debug|Any CPU
		{D87D3704-BE73-4590-9DEA-8D438E32C177}.Debug|x86.ActiveCfg = Debug|Any CPU
		{D87D3704-BE73-4590-9DEA-8D438E32C177}.Debug|x86.Build.0 = Debug|Any CPU
		{D87D3704-BE73-4590-9DEA-8D438E32C177}.Release|Any CPU.ActiveCfg = Release|Any CPU
		{D87D3704-BE73-4590-9DEA-8D438E32C177}.Release|Any CPU.Build.0 = Release|Any CPU
		{D87D3704-BE73-4590-9DEA-8D438E32C177}.Release|x64.ActiveCfg = Release|Any CPU
		{D87D3704-BE73-4590-9DEA-8D438E32C177}.Release|x64.Build.0 = Release|Any CPU
		{D87D3704-BE73-4590-9DEA-8D438E32C177}.Release|x86.ActiveCfg = Release|Any CPU
		{D87D3704-BE73-4590-9DEA-8D438E32C177}.Release|x86.Build.0 = Release|Any CPU
		{A83AA9B6-7588-457B-ABC6-DEF293FF98A1}.Debug|Any CPU.ActiveCfg = Debug|Any CPU
		{A83AA9B6-7588-457B-ABC6-DEF293FF98A1}.Debug|Any CPU.Build.0 = Debug|Any CPU
		{A83AA9B6-7588-457B-ABC6-DEF293FF98A1}.Debug|x64.ActiveCfg = Debug|Any CPU
		{A83AA9B6-7588-457B-ABC6-DEF293FF98A1}.Debug|x64.Build.0 = Debug|Any CPU
		{A83AA9B6-7588-457B-ABC6-DEF293FF98A1}.Debug|x86.ActiveCfg = Debug|Any CPU
		{A83AA9B6-7588-457B-ABC6-DEF293FF98A1}.Debug|x86.Build.0 = Debug|Any CPU
		{A83AA9B6-7588-457B-ABC6-DEF293FF98A1}.Release|Any CPU.ActiveCfg = Release|Any CPU
		{A83AA9B6-7588-457B-ABC6-DEF293FF98A1}.Release|Any CPU.Build.0 = Release|Any CPU
		{A83AA9B6-7588-457B-ABC6-DEF293FF98A1}.Release|x64.ActiveCfg = Release|Any CPU
		{A83AA9B6-7588-457B-ABC6-DEF293FF98A1}.Release|x64.Build.0 = Release|Any CPU
		{A83AA9B6-7588-457B-ABC6-DEF293FF98A1}.Release|x86.ActiveCfg = Release|Any CPU
		{A83AA9B6-7588-457B-ABC6-DEF293FF98A1}.Release|x86.Build.0 = Release|Any CPU
	EndGlobalSection
	GlobalSection(SolutionProperties) = preSolution
		HideSolutionNode = FALSE
	EndGlobalSection
	GlobalSection(ExtensibilityGlobals) = postSolution
		SolutionGuid = {B1E44460-15BC-4289-A1C1-E9BC24336AB1}
	EndGlobalSection
EndGlobal
